
Microsoft Visual Studio Solution File, Format Version 12.00
# Visual Studio 15
VisualStudioVersion = 15.0.28307.1500
MinimumVisualStudioVersion = 10.0.40219.1
Project("{FAE04EC0-301F-11D3-BF4B-00C04F79EFBC}") = "Uri_1066", "Uri_1066\Uri_1066.csproj", "{7036B4B4-611A-465C-A793-8387A070CA6A}"
EndProject
Global
	GlobalSection(SolutionConfigurationPlatforms) = preSolution
		Debug|Any CPU = Debug|Any CPU
		Release|Any CPU = Release|Any CPU
	EndGlobalSection
	GlobalSection(ProjectConfigurationPlatforms) = postSolution
		{7036B4B4-611A-465C-A793-8387A070CA6A}.Debug|Any CPU.ActiveCfg = Debug|Any CPU
		{7036B4B4-611A-465C-A793-8387A070CA6A}.Debug|Any CPU.Build.0 = Debug|Any CPU
		{7036B4B4-611A-465C-A793-8387A070CA6A}.Release|Any CPU.ActiveCfg = Release|Any CPU
		{7036B4B4-611A-465C-A793-8387A070CA6A}.Release|Any CPU.Build.0 = Release|Any CPU
	EndGlobalSection
	GlobalSection(SolutionProperties) = preSolution
		HideSolutionNode = FALSE
	EndGlobalSection
	GlobalSection(ExtensibilityGlobals) = postSolution
		SolutionGuid = {4BE35592-CFDC-476E-8F28-ED0A6822C563}
	EndGlobalSection
EndGlobal
